
Microsoft Visual Studio Solution File, Format Version 12.00
# Visual Studio Version 17
VisualStudioVersion = 17.2.32519.379
MinimumVisualStudioVersion = 10.0.40219.1
Project("{2150E333-8FDC-42A3-9474-1A3956D46DE8}") = "src", "src", "{1136ED80-6821-48FD-8D89-3DE3721E21BE}"
EndProject
Project("{2150E333-8FDC-42A3-9474-1A3956D46DE8}") = "Tests", "Tests", "{8B0EF77A-BA58-413E-B28B-CCFB50D7F9F0}"
EndProject
Project("{2150E333-8FDC-42A3-9474-1A3956D46DE8}") = "Core", "Core", "{DEC9477A-7C89-4A47-B11F-0211C73E04C4}"
EndProject
Project("{2150E333-8FDC-42A3-9474-1A3956D46DE8}") = "Infrastructure", "Infrastructure", "{F8C68DD6-CF16-447B-8F79-CED61FBDC80C}"
EndProject
Project("{2150E333-8FDC-42A3-9474-1A3956D46DE8}") = "Presentation", "Presentation", "{5E97FF68-8A20-4593-AE48-9C1947649492}"
EndProject
Project("{2150E333-8FDC-42A3-9474-1A3956D46DE8}") = "Shared", "Shared", "{923FB241-D34B-4F4B-8171-B1DC9543E08B}"
EndProject
Project("{2150E333-8FDC-42A3-9474-1A3956D46DE8}") = "Application", "Application", "{AFC9664F-7A38-47DA-8856-C5633857CF9A}"
EndProject
Project("{2150E333-8FDC-42A3-9474-1A3956D46DE8}") = "Domain", "Domain", "{06175C9D-3914-43E9-B3FD-6D61DCA4BDEF}"
EndProject
Project("{9A19103F-16F7-4668-BE54-9A1E7A4F7556}") = "AMP.Application", "AMP.Application\AMP.Application.csproj", "{DD35D669-5F54-45CA-89C1-A548C2F4B623}"
EndProject
Project("{9A19103F-16F7-4668-BE54-9A1E7A4F7556}") = "AMP.Processors", "AMP.Processors\AMP.Processors.csproj", "{2B0D988F-3E2A-4751-B0D2-DDA7AA360F8B}"
EndProject
Project("{9A19103F-16F7-4668-BE54-9A1E7A4F7556}") = "AMP.Domain", "AMP.Domain\AMP.Domain.csproj", "{5FEC444F-A084-418B-B01D-04BD3E0E8256}"
EndProject
Project("{2150E333-8FDC-42A3-9474-1A3956D46DE8}") = "Services", "Services", "{85B85620-8989-4F70-B4CC-302D5F5C1B8B}"
EndProject
Project("{2150E333-8FDC-42A3-9474-1A3956D46DE8}") = "Persistence", "Persistence", "{68FC3B5D-4457-4B48-82B8-E29C8201FF85}"
EndProject
Project("{9A19103F-16F7-4668-BE54-9A1E7A4F7556}") = "AMP.Services", "AMP.Services\AMP.Services.csproj", "{BB08C9F6-9934-419F-AECC-44904781A5E6}"
EndProject
Project("{9A19103F-16F7-4668-BE54-9A1E7A4F7556}") = "AMP.Persistence", "AMP.Persistence\AMP.Persistence.csproj", "{8BB09004-863B-42D2-BDA8-834B663D20A1}"
EndProject
Project("{9A19103F-16F7-4668-BE54-9A1E7A4F7556}") = "AMP.WebApi", "AMP.WebApi\AMP.WebApi.csproj", "{56CE73AE-C211-4223-9B27-859A303C75C7}"
EndProject
Project("{2150E333-8FDC-42A3-9474-1A3956D46DE8}") = "Integration", "Integration", "{B0C96C04-7C15-426B-BFAE-897E73FE69E6}"
EndProject
Project("{2150E333-8FDC-42A3-9474-1A3956D46DE8}") = "Unit", "Unit", "{C6ECE6F4-E1EC-4A6A-A9BA-8BC4A3BDC2D7}"
EndProject
Project("{9A19103F-16F7-4668-BE54-9A1E7A4F7556}") = "Amp.Integration.Tests", "Amp.Integration.Tests\Amp.Integration.Tests.csproj", "{B6B74EE4-2744-44B4-B2A2-D5AA0E9E37DD}"
EndProject
Project("{FAE04EC0-301F-11D3-BF4B-00C04F79EFBC}") = "AMP.Shared.Domain", "AMP.Shared.Domain\AMP.Shared.Domain.csproj", "{C9F18442-DA17-4D8A-9F98-B0EB9ECB67F9}"
EndProject
Project("{FAE04EC0-301F-11D3-BF4B-00C04F79EFBC}") = "AMP.Shared.Persistence", "AMP.Shared.Persistence\AMP.Shared.Persistence.csproj", "{92553CB5-1387-40C7-B023-75D28A43A276}"
EndProject
Global
	GlobalSection(SolutionConfigurationPlatforms) = preSolution
		Debug|Any CPU = Debug|Any CPU
		Release|Any CPU = Release|Any CPU
	EndGlobalSection
	GlobalSection(ProjectConfigurationPlatforms) = postSolution
		{DD35D669-5F54-45CA-89C1-A548C2F4B623}.Debug|Any CPU.ActiveCfg = Debug|Any CPU
		{DD35D669-5F54-45CA-89C1-A548C2F4B623}.Debug|Any CPU.Build.0 = Debug|Any CPU
		{DD35D669-5F54-45CA-89C1-A548C2F4B623}.Release|Any CPU.ActiveCfg = Release|Any CPU
		{DD35D669-5F54-45CA-89C1-A548C2F4B623}.Release|Any CPU.Build.0 = Release|Any CPU
		{2B0D988F-3E2A-4751-B0D2-DDA7AA360F8B}.Debug|Any CPU.ActiveCfg = Debug|Any CPU
		{2B0D988F-3E2A-4751-B0D2-DDA7AA360F8B}.Debug|Any CPU.Build.0 = Debug|Any CPU
		{2B0D988F-3E2A-4751-B0D2-DDA7AA360F8B}.Release|Any CPU.ActiveCfg = Release|Any CPU
		{2B0D988F-3E2A-4751-B0D2-DDA7AA360F8B}.Release|Any CPU.Build.0 = Release|Any CPU
		{5FEC444F-A084-418B-B01D-04BD3E0E8256}.Debug|Any CPU.ActiveCfg = Debug|Any CPU
		{5FEC444F-A084-418B-B01D-04BD3E0E8256}.Debug|Any CPU.Build.0 = Debug|Any CPU
		{5FEC444F-A084-418B-B01D-04BD3E0E8256}.Release|Any CPU.ActiveCfg = Release|Any CPU
		{5FEC444F-A084-418B-B01D-04BD3E0E8256}.Release|Any CPU.Build.0 = Release|Any CPU
		{BB08C9F6-9934-419F-AECC-44904781A5E6}.Debug|Any CPU.ActiveCfg = Debug|Any CPU
		{BB08C9F6-9934-419F-AECC-44904781A5E6}.Debug|Any CPU.Build.0 = Debug|Any CPU
		{BB08C9F6-9934-419F-AECC-44904781A5E6}.Release|Any CPU.ActiveCfg = Release|Any CPU
		{BB08C9F6-9934-419F-AECC-44904781A5E6}.Release|Any CPU.Build.0 = Release|Any CPU
		{8BB09004-863B-42D2-BDA8-834B663D20A1}.Debug|Any CPU.ActiveCfg = Debug|Any CPU
		{8BB09004-863B-42D2-BDA8-834B663D20A1}.Debug|Any CPU.Build.0 = Debug|Any CPU
		{8BB09004-863B-42D2-BDA8-834B663D20A1}.Release|Any CPU.ActiveCfg = Release|Any CPU
		{8BB09004-863B-42D2-BDA8-834B663D20A1}.Release|Any CPU.Build.0 = Release|Any CPU
		{56CE73AE-C211-4223-9B27-859A303C75C7}.Debug|Any CPU.ActiveCfg = Debug|Any CPU
		{56CE73AE-C211-4223-9B27-859A303C75C7}.Debug|Any CPU.Build.0 = Debug|Any CPU
		{56CE73AE-C211-4223-9B27-859A303C75C7}.Release|Any CPU.ActiveCfg = Release|Any CPU
		{56CE73AE-C211-4223-9B27-859A303C75C7}.Release|Any CPU.Build.0 = Release|Any CPU
		{B6B74EE4-2744-44B4-B2A2-D5AA0E9E37DD}.Debug|Any CPU.ActiveCfg = Debug|Any CPU
		{B6B74EE4-2744-44B4-B2A2-D5AA0E9E37DD}.Debug|Any CPU.Build.0 = Debug|Any CPU
		{B6B74EE4-2744-44B4-B2A2-D5AA0E9E37DD}.Release|Any CPU.ActiveCfg = Release|Any CPU
		{B6B74EE4-2744-44B4-B2A2-D5AA0E9E37DD}.Release|Any CPU.Build.0 = Release|Any CPU
		{C9F18442-DA17-4D8A-9F98-B0EB9ECB67F9}.Debug|Any CPU.ActiveCfg = Debug|Any CPU
		{C9F18442-DA17-4D8A-9F98-B0EB9ECB67F9}.Debug|Any CPU.Build.0 = Debug|Any CPU
		{C9F18442-DA17-4D8A-9F98-B0EB9ECB67F9}.Release|Any CPU.ActiveCfg = Release|Any CPU
		{C9F18442-DA17-4D8A-9F98-B0EB9ECB67F9}.Release|Any CPU.Build.0 = Release|Any CPU
		{92553CB5-1387-40C7-B023-75D28A43A276}.Debug|Any CPU.ActiveCfg = Debug|Any CPU
		{92553CB5-1387-40C7-B023-75D28A43A276}.Debug|Any CPU.Build.0 = Debug|Any CPU
		{92553CB5-1387-40C7-B023-75D28A43A276}.Release|Any CPU.ActiveCfg = Release|Any CPU
		{92553CB5-1387-40C7-B023-75D28A43A276}.Release|Any CPU.Build.0 = Release|Any CPU
	EndGlobalSection
	GlobalSection(SolutionProperties) = preSolution
		HideSolutionNode = FALSE
	EndGlobalSection
	GlobalSection(NestedProjects) = preSolution
		{DEC9477A-7C89-4A47-B11F-0211C73E04C4} = {1136ED80-6821-48FD-8D89-3DE3721E21BE}
		{F8C68DD6-CF16-447B-8F79-CED61FBDC80C} = {1136ED80-6821-48FD-8D89-3DE3721E21BE}
		{5E97FF68-8A20-4593-AE48-9C1947649492} = {1136ED80-6821-48FD-8D89-3DE3721E21BE}
		{923FB241-D34B-4F4B-8171-B1DC9543E08B} = {1136ED80-6821-48FD-8D89-3DE3721E21BE}
		{AFC9664F-7A38-47DA-8856-C5633857CF9A} = {DEC9477A-7C89-4A47-B11F-0211C73E04C4}
		{06175C9D-3914-43E9-B3FD-6D61DCA4BDEF} = {DEC9477A-7C89-4A47-B11F-0211C73E04C4}
		{DD35D669-5F54-45CA-89C1-A548C2F4B623} = {AFC9664F-7A38-47DA-8856-C5633857CF9A}
		{2B0D988F-3E2A-4751-B0D2-DDA7AA360F8B} = {AFC9664F-7A38-47DA-8856-C5633857CF9A}
		{5FEC444F-A084-418B-B01D-04BD3E0E8256} = {06175C9D-3914-43E9-B3FD-6D61DCA4BDEF}
		{85B85620-8989-4F70-B4CC-302D5F5C1B8B} = {F8C68DD6-CF16-447B-8F79-CED61FBDC80C}
		{68FC3B5D-4457-4B48-82B8-E29C8201FF85} = {F8C68DD6-CF16-447B-8F79-CED61FBDC80C}
		{BB08C9F6-9934-419F-AECC-44904781A5E6} = {85B85620-8989-4F70-B4CC-302D5F5C1B8B}
		{8BB09004-863B-42D2-BDA8-834B663D20A1} = {68FC3B5D-4457-4B48-82B8-E29C8201FF85}
		{56CE73AE-C211-4223-9B27-859A303C75C7} = {5E97FF68-8A20-4593-AE48-9C1947649492}
		{B0C96C04-7C15-426B-BFAE-897E73FE69E6} = {8B0EF77A-BA58-413E-B28B-CCFB50D7F9F0}
		{C6ECE6F4-E1EC-4A6A-A9BA-8BC4A3BDC2D7} = {8B0EF77A-BA58-413E-B28B-CCFB50D7F9F0}
		{B6B74EE4-2744-44B4-B2A2-D5AA0E9E37DD} = {B0C96C04-7C15-426B-BFAE-897E73FE69E6}
		{C9F18442-DA17-4D8A-9F98-B0EB9ECB67F9} = {923FB241-D34B-4F4B-8171-B1DC9543E08B}
		{92553CB5-1387-40C7-B023-75D28A43A276} = {923FB241-D34B-4F4B-8171-B1DC9543E08B}
	EndGlobalSection
	GlobalSection(ExtensibilityGlobals) = postSolution
		SolutionGuid = {7AF7DF89-BF85-4A38-A6F5-5B399EEAF38C}
	EndGlobalSection
EndGlobal
